// !$*UTF8*$!
{
	archiveVersion = 1;
	classes = {
	};
	objectVersion = 46;
	objects = {

/* Begin PBXBuildFile section */
		441E51251B54D89C004C3222 /* main.m in Sources */ = {isa = PBXBuildFile; fileRef = 441E51241B54D89C004C3222 /* main.m */; };
		441E51281B54D89C004C3222 /* AppDelegate.m in Sources */ = {isa = PBXBuildFile; fileRef = 441E51271B54D89C004C3222 /* AppDelegate.m */; };
		441E512B1B54D89C004C3222 /* Patrol.xcdatamodeld in Sources */ = {isa = PBXBuildFile; fileRef = 441E51291B54D89C004C3222 /* Patrol.xcdatamodeld */; };
		441E512E1B54D89C004C3222 /* ViewController.m in Sources */ = {isa = PBXBuildFile; fileRef = 441E512D1B54D89C004C3222 /* ViewController.m */; };
		441E51311B54D89C004C3222 /* Main.storyboard in Resources */ = {isa = PBXBuildFile; fileRef = 441E512F1B54D89C004C3222 /* Main.storyboard */; };
		441E51331B54D89C004C3222 /* Images.xcassets in Resources */ = {isa = PBXBuildFile; fileRef = 441E51321B54D89C004C3222 /* Images.xcassets */; };
		441E51361B54D89C004C3222 /* LaunchScreen.xib in Resources */ = {isa = PBXBuildFile; fileRef = 441E51341B54D89C004C3222 /* LaunchScreen.xib */; };
		441E51421B54D89C004C3222 /* PatrolTests.m in Sources */ = {isa = PBXBuildFile; fileRef = 441E51411B54D89C004C3222 /* PatrolTests.m */; };
		441E514D1B54DCB0004C3222 /* MapViewController.m in Sources */ = {isa = PBXBuildFile; fileRef = 441E514C1B54DCB0004C3222 /* MapViewController.m */; };
		441E514F1B54DE8B004C3222 /* MapKit.framework in Frameworks */ = {isa = PBXBuildFile; fileRef = 441E514E1B54DE8B004C3222 /* MapKit.framework */; };
		444DF7491B68DE0E005A79C3 /* Annotation.m in Sources */ = {isa = PBXBuildFile; fileRef = 444DF7481B68DE0E005A79C3 /* Annotation.m */; };
		4458AFF41B5DE50400068F6E /* LogInViewController.m in Sources */ = {isa = PBXBuildFile; fileRef = 4458AFF31B5DE50400068F6E /* LogInViewController.m */; };
		4458AFF71B5DE51700068F6E /* RegisterViewController.m in Sources */ = {isa = PBXBuildFile; fileRef = 4458AFF61B5DE51700068F6E /* RegisterViewController.m */; };
		4458AFFA1B5E10DF00068F6E /* EmergencyDetectionViewController.m in Sources */ = {isa = PBXBuildFile; fileRef = 4458AFF91B5E10DF00068F6E /* EmergencyDetectionViewController.m */; };
		4458AFFC1B5E1ABB00068F6E /* CoreMotion.framework in Frameworks */ = {isa = PBXBuildFile; fileRef = 4458AFFB1B5E1ABB00068F6E /* CoreMotion.framework */; };
		4458AFFF1B5E26A500068F6E /* PathViewController.m in Sources */ = {isa = PBXBuildFile; fileRef = 4458AFFE1B5E26A500068F6E /* PathViewController.m */; };
		4458B0021B5E417F00068F6E /* CHCSVParser.m in Sources */ = {isa = PBXBuildFile; fileRef = 4458B0011B5E417F00068F6E /* CHCSVParser.m */; };
		4458B0041B5E586200068F6E /* trafficStatistics.csv in Resources */ = {isa = PBXBuildFile; fileRef = 4458B0031B5E586200068F6E /* trafficStatistics.csv */; };
		4458B0091B5E6A2600068F6E /* StatisticViewController.m in Sources */ = {isa = PBXBuildFile; fileRef = 4458B0081B5E6A2600068F6E /* StatisticViewController.m */; };
/* End PBXBuildFile section */

/* Begin PBXContainerItemProxy section */
		441E513C1B54D89C004C3222 /* PBXContainerItemProxy */ = {
			isa = PBXContainerItemProxy;
			containerPortal = 441E51171B54D89B004C3222 /* Project object */;
			proxyType = 1;
			remoteGlobalIDString = 441E511E1B54D89B004C3222;
			remoteInfo = Patrol;
		};
/* End PBXContainerItemProxy section */

/* Begin PBXFileReference section */
		441E511F1B54D89B004C3222 /* Patrol.app */ = {isa = PBXFileReference; explicitFileType = wrapper.application; includeInIndex = 0; path = Patrol.app; sourceTree = BUILT_PRODUCTS_DIR; };
		441E51231B54D89C004C3222 /* Info.plist */ = {isa = PBXFileReference; lastKnownFileType = text.plist.xml; path = Info.plist; sourceTree = "<group>"; };
		441E51241B54D89C004C3222 /* main.m */ = {isa = PBXFileReference; lastKnownFileType = sourcecode.c.objc; path = main.m; sourceTree = "<group>"; };
		441E51261B54D89C004C3222 /* AppDelegate.h */ = {isa = PBXFileReference; lastKnownFileType = sourcecode.c.h; path = AppDelegate.h; sourceTree = "<group>"; };
		441E51271B54D89C004C3222 /* AppDelegate.m */ = {isa = PBXFileReference; lastKnownFileType = sourcecode.c.objc; path = AppDelegate.m; sourceTree = "<group>"; };
		441E512A1B54D89C004C3222 /* Patrol.xcdatamodel */ = {isa = PBXFileReference; lastKnownFileType = wrapper.xcdatamodel; path = Patrol.xcdatamodel; sourceTree = "<group>"; };
		441E512C1B54D89C004C3222 /* ViewController.h */ = {isa = PBXFileReference; lastKnownFileType = sourcecode.c.h; path = ViewController.h; sourceTree = "<group>"; };
		441E512D1B54D89C004C3222 /* ViewController.m */ = {isa = PBXFileReference; lastKnownFileType = sourcecode.c.objc; path = ViewController.m; sourceTree = "<group>"; };
		441E51301B54D89C004C3222 /* Base */ = {isa = PBXFileReference; lastKnownFileType = file.storyboard; name = Base; path = Base.lproj/Main.storyboard; sourceTree = "<group>"; };
		441E51321B54D89C004C3222 /* Images.xcassets */ = {isa = PBXFileReference; lastKnownFileType = folder.assetcatalog; path = Images.xcassets; sourceTree = "<group>"; };
		441E51351B54D89C004C3222 /* Base */ = {isa = PBXFileReference; lastKnownFileType = file.xib; name = Base; path = Base.lproj/LaunchScreen.xib; sourceTree = "<group>"; };
		441E513B1B54D89C004C3222 /* PatrolTests.xctest */ = {isa = PBXFileReference; explicitFileType = wrapper.cfbundle; includeInIndex = 0; path = PatrolTests.xctest; sourceTree = BUILT_PRODUCTS_DIR; };
		441E51401B54D89C004C3222 /* Info.plist */ = {isa = PBXFileReference; lastKnownFileType = text.plist.xml; path = Info.plist; sourceTree = "<group>"; };
		441E51411B54D89C004C3222 /* PatrolTests.m */ = {isa = PBXFileReference; lastKnownFileType = sourcecode.c.objc; path = PatrolTests.m; sourceTree = "<group>"; };
		441E514B1B54DCB0004C3222 /* MapViewController.h */ = {isa = PBXFileReference; fileEncoding = 4; lastKnownFileType = sourcecode.c.h; path = MapViewController.h; sourceTree = "<group>"; };
		441E514C1B54DCB0004C3222 /* MapViewController.m */ = {isa = PBXFileReference; fileEncoding = 4; lastKnownFileType = sourcecode.c.objc; path = MapViewController.m; sourceTree = "<group>"; };
		441E514E1B54DE8B004C3222 /* MapKit.framework */ = {isa = PBXFileReference; lastKnownFileType = wrapper.framework; name = MapKit.framework; path = System/Library/Frameworks/MapKit.framework; sourceTree = SDKROOT; };
		444DF7471B68DE0E005A79C3 /* Annotation.h */ = {isa = PBXFileReference; fileEncoding = 4; lastKnownFileType = sourcecode.c.h; path = Annotation.h; sourceTree = "<group>"; };
		444DF7481B68DE0E005A79C3 /* Annotation.m */ = {isa = PBXFileReference; fileEncoding = 4; lastKnownFileType = sourcecode.c.objc; path = Annotation.m; sourceTree = "<group>"; };
		4458AFF21B5DE50400068F6E /* LogInViewController.h */ = {isa = PBXFileReference; fileEncoding = 4; lastKnownFileType = sourcecode.c.h; path = LogInViewController.h; sourceTree = "<group>"; };
		4458AFF31B5DE50400068F6E /* LogInViewController.m */ = {isa = PBXFileReference; fileEncoding = 4; lastKnownFileType = sourcecode.c.objc; path = LogInViewController.m; sourceTree = "<group>"; };
		4458AFF51B5DE51700068F6E /* RegisterViewController.h */ = {isa = PBXFileReference; fileEncoding = 4; lastKnownFileType = sourcecode.c.h; path = RegisterViewController.h; sourceTree = "<group>"; };
		4458AFF61B5DE51700068F6E /* RegisterViewController.m */ = {isa = PBXFileReference; fileEncoding = 4; lastKnownFileType = sourcecode.c.objc; path = RegisterViewController.m; sourceTree = "<group>"; };
		4458AFF81B5E10DF00068F6E /* EmergencyDetectionViewController.h */ = {isa = PBXFileReference; fileEncoding = 4; lastKnownFileType = sourcecode.c.h; path = EmergencyDetectionViewController.h; sourceTree = "<group>"; };
		4458AFF91B5E10DF00068F6E /* EmergencyDetectionViewController.m */ = {isa = PBXFileReference; fileEncoding = 4; lastKnownFileType = sourcecode.c.objc; path = EmergencyDetectionViewController.m; sourceTree = "<group>"; };
		4458AFFB1B5E1ABB00068F6E /* CoreMotion.framework */ = {isa = PBXFileReference; lastKnownFileType = wrapper.framework; name = CoreMotion.framework; path = System/Library/Frameworks/CoreMotion.framework; sourceTree = SDKROOT; };
		4458AFFD1B5E26A500068F6E /* PathViewController.h */ = {isa = PBXFileReference; fileEncoding = 4; lastKnownFileType = sourcecode.c.h; path = PathViewController.h; sourceTree = "<group>"; };
		4458AFFE1B5E26A500068F6E /* PathViewController.m */ = {isa = PBXFileReference; fileEncoding = 4; lastKnownFileType = sourcecode.c.objc; path = PathViewController.m; sourceTree = "<group>"; };
		4458B0001B5E417F00068F6E /* CHCSVParser.h */ = {isa = PBXFileReference; fileEncoding = 4; lastKnownFileType = sourcecode.c.h; name = CHCSVParser.h; path = "CHCSVParser-master/CHCSVParser/CHCSVParser/CHCSVParser.h"; sourceTree = SOURCE_ROOT; };
		4458B0011B5E417F00068F6E /* CHCSVParser.m */ = {isa = PBXFileReference; fileEncoding = 4; lastKnownFileType = sourcecode.c.objc; name = CHCSVParser.m; path = "CHCSVParser-master/CHCSVParser/CHCSVParser/CHCSVParser.m"; sourceTree = SOURCE_ROOT; };
		4458B0031B5E586200068F6E /* trafficStatistics.csv */ = {isa = PBXFileReference; fileEncoding = 10; lastKnownFileType = text; name = trafficStatistics.csv; path = OpenData/trafficStatistics.csv; sourceTree = SOURCE_ROOT; };
		4458B0071B5E6A2600068F6E /* StatisticViewController.h */ = {isa = PBXFileReference; fileEncoding = 4; lastKnownFileType = sourcecode.c.h; path = StatisticViewController.h; sourceTree = "<group>"; };
		4458B0081B5E6A2600068F6E /* StatisticViewController.m */ = {isa = PBXFileReference; fileEncoding = 4; lastKnownFileType = sourcecode.c.objc; path = StatisticViewController.m; sourceTree = "<group>"; };
/* End PBXFileReference section */

/* Begin PBXFrameworksBuildPhase section */
		441E511C1B54D89B004C3222 /* Frameworks */ = {
			isa = PBXFrameworksBuildPhase;
			buildActionMask = 2147483647;
			files = (
				4458AFFC1B5E1ABB00068F6E /* CoreMotion.framework in Frameworks */,
				441E514F1B54DE8B004C3222 /* MapKit.framework in Frameworks */,
			);
			runOnlyForDeploymentPostprocessing = 0;
		};
		441E51381B54D89C004C3222 /* Frameworks */ = {
			isa = PBXFrameworksBuildPhase;
			buildActionMask = 2147483647;
			files = (
			);
			runOnlyForDeploymentPostprocessing = 0;
		};
/* End PBXFrameworksBuildPhase section */

/* Begin PBXGroup section */
		441E51161B54D89B004C3222 = {
			isa = PBXGroup;
			children = (
				4458AFFB1B5E1ABB00068F6E /* CoreMotion.framework */,
				441E514E1B54DE8B004C3222 /* MapKit.framework */,
				441E51211B54D89B004C3222 /* Patrol */,
				441E513E1B54D89C004C3222 /* PatrolTests */,
				441E51201B54D89B004C3222 /* Products */,
			);
			sourceTree = "<group>";
		};
		441E51201B54D89B004C3222 /* Products */ = {
			isa = PBXGroup;
			children = (
				441E511F1B54D89B004C3222 /* Patrol.app */,
				441E513B1B54D89C004C3222 /* PatrolTests.xctest */,
			);
			name = Products;
			sourceTree = "<group>";
		};
		441E51211B54D89B004C3222 /* Patrol */ = {
			isa = PBXGroup;
			children = (
				444DF7471B68DE0E005A79C3 /* Annotation.h */,
				444DF7481B68DE0E005A79C3 /* Annotation.m */,
				4458B0001B5E417F00068F6E /* CHCSVParser.h */,
				4458B0011B5E417F00068F6E /* CHCSVParser.m */,
				441E51261B54D89C004C3222 /* AppDelegate.h */,
				441E51271B54D89C004C3222 /* AppDelegate.m */,
				441E512C1B54D89C004C3222 /* ViewController.h */,
				441E512D1B54D89C004C3222 /* ViewController.m */,
				441E512F1B54D89C004C3222 /* Main.storyboard */,
				4458B0071B5E6A2600068F6E /* StatisticViewController.h */,
				4458B0081B5E6A2600068F6E /* StatisticViewController.m */,
				4458AFFD1B5E26A500068F6E /* PathViewController.h */,
				4458AFFE1B5E26A500068F6E /* PathViewController.m */,
				4458AFF81B5E10DF00068F6E /* EmergencyDetectionViewController.h */,
				4458AFF91B5E10DF00068F6E /* EmergencyDetectionViewController.m */,
				4458AFF21B5DE50400068F6E /* LogInViewController.h */,
				4458AFF31B5DE50400068F6E /* LogInViewController.m */,
				4458AFF51B5DE51700068F6E /* RegisterViewController.h */,
				4458AFF61B5DE51700068F6E /* RegisterViewController.m */,
				441E514B1B54DCB0004C3222 /* MapViewController.h */,
				441E514C1B54DCB0004C3222 /* MapViewController.m */,
				4458B0031B5E586200068F6E /* trafficStatistics.csv */,
				441E51321B54D89C004C3222 /* Images.xcassets */,
				441E51341B54D89C004C3222 /* LaunchScreen.xib */,
				441E51291B54D89C004C3222 /* Patrol.xcdatamodeld */,
				441E51221B54D89C004C3222 /* Supporting Files */,
			);
			path = Patrol;
			sourceTree = "<group>";
		};
		441E51221B54D89C004C3222 /* Supporting Files */ = {
			isa = PBXGroup;
			children = (
				441E51231B54D89C004C3222 /* Info.plist */,
				441E51241B54D89C004C3222 /* main.m */,
			);
			name = "Supporting Files";
			sourceTree = "<group>";
		};
		441E513E1B54D89C004C3222 /* PatrolTests */ = {
			isa = PBXGroup;
			children = (
				441E51411B54D89C004C3222 /* PatrolTests.m */,
				441E513F1B54D89C004C3222 /* Supporting Files */,
			);
			path = PatrolTests;
			sourceTree = "<group>";
		};
		441E513F1B54D89C004C3222 /* Supporting Files */ = {
			isa = PBXGroup;
			children = (
				441E51401B54D89C004C3222 /* Info.plist */,
			);
			name = "Supporting Files";
			sourceTree = "<group>";
		};
/* End PBXGroup section */

/* Begin PBXNativeTarget section */
		441E511E1B54D89B004C3222 /* Patrol */ = {
			isa = PBXNativeTarget;
			buildConfigurationList = 441E51451B54D89C004C3222 /* Build configuration list for PBXNativeTarget "Patrol" */;
			buildPhases = (
				441E511B1B54D89B004C3222 /* Sources */,
				441E511C1B54D89B004C3222 /* Frameworks */,
				441E511D1B54D89B004C3222 /* Resources */,
			);
			buildRules = (
			);
			dependencies = (
			);
			name = Patrol;
			productName = Patrol;
			productReference = 441E511F1B54D89B004C3222 /* Patrol.app */;
			productType = "com.apple.product-type.application";
		};
		441E513A1B54D89C004C3222 /* PatrolTests */ = {
			isa = PBXNativeTarget;
			buildConfigurationList = 441E51481B54D89C004C3222 /* Build configuration list for PBXNativeTarget "PatrolTests" */;
			buildPhases = (
				441E51371B54D89C004C3222 /* Sources */,
				441E51381B54D89C004C3222 /* Frameworks */,
				441E51391B54D89C004C3222 /* Resources */,
			);
			buildRules = (
			);
			dependencies = (
				441E513D1B54D89C004C3222 /* PBXTargetDependency */,
			);
			name = PatrolTests;
			productName = PatrolTests;
			productReference = 441E513B1B54D89C004C3222 /* PatrolTests.xctest */;
			productType = "com.apple.product-type.bundle.unit-test";
		};
/* End PBXNativeTarget section */

/* Begin PBXProject section */
		441E51171B54D89B004C3222 /* Project object */ = {
			isa = PBXProject;
			attributes = {
				LastUpgradeCheck = 0640;
				ORGANIZATIONNAME = "Ｗinston";
				TargetAttributes = {
					441E511E1B54D89B004C3222 = {
						CreatedOnToolsVersion = 6.4;
					};
					441E513A1B54D89C004C3222 = {
						CreatedOnToolsVersion = 6.4;
						TestTargetID = 441E511E1B54D89B004C3222;
					};
				};
			};
			buildConfigurationList = 441E511A1B54D89B004C3222 /* Build configuration list for PBXProject "Patrol" */;
			compatibilityVersion = "Xcode 3.2";
			developmentRegion = English;
			hasScannedForEncodings = 0;
			knownRegions = (
				en,
				Base,
			);
			mainGroup = 441E51161B54D89B004C3222;
			productRefGroup = 441E51201B54D89B004C3222 /* Products */;
			projectDirPath = "";
			projectRoot = "";
			targets = (
				441E511E1B54D89B004C3222 /* Patrol */,
				441E513A1B54D89C004C3222 /* PatrolTests */,
			);
		};
/* End PBXProject section */

/* Begin PBXResourcesBuildPhase section */
		441E511D1B54D89B004C3222 /* Resources */ = {
			isa = PBXResourcesBuildPhase;
			buildActionMask = 2147483647;
			files = (
				441E51311B54D89C004C3222 /* Main.storyboard in Resources */,
				4458B0041B5E586200068F6E /* trafficStatistics.csv in Resources */,
				441E51361B54D89C004C3222 /* LaunchScreen.xib in Resources */,
				441E51331B54D89C004C3222 /* Images.xcassets in Resources */,
			);
			runOnlyForDeploymentPostprocessing = 0;
		};
		441E51391B54D89C004C3222 /* Resources */ = {
			isa = PBXResourcesBuildPhase;
			buildActionMask = 2147483647;
			files = (
			);
			runOnlyForDeploymentPostprocessing = 0;
		};
/* End PBXResourcesBuildPhase section */

/* Begin PBXSourcesBuildPhase section */
		441E511B1B54D89B004C3222 /* Sources */ = {
			isa = PBXSourcesBuildPhase;
			buildActionMask = 2147483647;
			files = (
				441E51281B54D89C004C3222 /* AppDelegate.m in Sources */,
				4458B0091B5E6A2600068F6E /* StatisticViewController.m in Sources */,
				441E51251B54D89C004C3222 /* main.m in Sources */,
				4458AFFA1B5E10DF00068F6E /* EmergencyDetectionViewController.m in Sources */,
				4458AFF41B5DE50400068F6E /* LogInViewController.m in Sources */,
				4458AFFF1B5E26A500068F6E /* PathViewController.m in Sources */,
				444DF7491B68DE0E005A79C3 /* Annotation.m in Sources */,
				441E514D1B54DCB0004C3222 /* MapViewController.m in Sources */,
				4458AFF71B5DE51700068F6E /* RegisterViewController.m in Sources */,
				441E512E1B54D89C004C3222 /* ViewController.m in Sources */,
				4458B0021B5E417F00068F6E /* CHCSVParser.m in Sources */,
				441E512B1B54D89C004C3222 /* Patrol.xcdatamodeld in Sources */,
			);
			runOnlyForDeploymentPostprocessing = 0;
		};
		441E51371B54D89C004C3222 /* Sources */ = {
			isa = PBXSourcesBuildPhase;
			buildActionMask = 2147483647;
			files = (
				441E51421B54D89C004C3222 /* PatrolTests.m in Sources */,
			);
			runOnlyForDeploymentPostprocessing = 0;
		};
/* End PBXSourcesBuildPhase section */

/* Begin PBXTargetDependency section */
		441E513D1B54D89C004C3222 /* PBXTargetDependency */ = {
			isa = PBXTargetDependency;
			target = 441E511E1B54D89B004C3222 /* Patrol */;
			targetProxy = 441E513C1B54D89C004C3222 /* PBXContainerItemProxy */;
		};
/* End PBXTargetDependency section */

/* Begin PBXVariantGroup section */
		441E512F1B54D89C004C3222 /* Main.storyboard */ = {
			isa = PBXVariantGroup;
			children = (
				441E51301B54D89C004C3222 /* Base */,
			);
			name = Main.storyboard;
			sourceTree = "<group>";
		};
		441E51341B54D89C004C3222 /* LaunchScreen.xib */ = {
			isa = PBXVariantGroup;
			children = (
				441E51351B54D89C004C3222 /* Base */,
			);
			name = LaunchScreen.xib;
			sourceTree = "<group>";
		};
/* End PBXVariantGroup section */

/* Begin XCBuildConfiguration section */
		441E51431B54D89C004C3222 /* Debug */ = {
			isa = XCBuildConfiguration;
			buildSettings = {
				ALWAYS_SEARCH_USER_PATHS = NO;
				CLANG_CXX_LANGUAGE_STANDARD = "gnu++0x";
				CLANG_CXX_LIBRARY = "libc++";
				CLANG_ENABLE_MODULES = YES;
				CLANG_ENABLE_OBJC_ARC = YES;
				CLANG_WARN_BOOL_CONVERSION = YES;
				CLANG_WARN_CONSTANT_CONVERSION = YES;
				CLANG_WARN_DIRECT_OBJC_ISA_USAGE = YES_ERROR;
				CLANG_WARN_EMPTY_BODY = YES;
				CLANG_WARN_ENUM_CONVERSION = YES;
				CLANG_WARN_INT_CONVERSION = YES;
				CLANG_WARN_OBJC_ROOT_CLASS = YES_ERROR;
				CLANG_WARN_UNREACHABLE_CODE = YES;
				CLANG_WARN__DUPLICATE_METHOD_MATCH = YES;
				"CODE_SIGN_IDENTITY[sdk=iphoneos*]" = "iPhone Developer";
				COPY_PHASE_STRIP = NO;
				DEBUG_INFORMATION_FORMAT = "dwarf-with-dsym";
				ENABLE_STRICT_OBJC_MSGSEND = YES;
				GCC_C_LANGUAGE_STANDARD = gnu99;
				GCC_DYNAMIC_NO_PIC = NO;
				GCC_NO_COMMON_BLOCKS = YES;
				GCC_OPTIMIZATION_LEVEL = 0;
				GCC_PREPROCESSOR_DEFINITIONS = (
					"DEBUG=1",
					"$(inherited)",
				);
				GCC_SYMBOLS_PRIVATE_EXTERN = NO;
				GCC_WARN_64_TO_32_BIT_CONVERSION = YES;
				GCC_WARN_ABOUT_RETURN_TYPE = YES_ERROR;
				GCC_WARN_UNDECLARED_SELECTOR = YES;
				GCC_WARN_UNINITIALIZED_AUTOS = YES_AGGRESSIVE;
				GCC_WARN_UNUSED_FUNCTION = YES;
				GCC_WARN_UNUSED_VARIABLE = YES;
				IPHONEOS_DEPLOYMENT_TARGET = 8.4;
				MTL_ENABLE_DEBUG_INFO = YES;
				ONLY_ACTIVE_ARCH = YES;
				SDKROOT = iphoneos;
			};
			name = Debug;
		};
		441E51441B54D89C004C3222 /* Release */ = {
			isa = XCBuildConfiguration;
			buildSettings = {
				ALWAYS_SEARCH_USER_PATHS = NO;
				CLANG_CXX_LANGUAGE_STANDARD = "gnu++0x";
				CLANG_CXX_LIBRARY = "libc++";
				CLANG_ENABLE_MODULES = YES;
				CLANG_ENABLE_OBJC_ARC = YES;
				CLANG_WARN_BOOL_CONVERSION = YES;
				CLANG_WARN_CONSTANT_CONVERSION = YES;
				CLANG_WARN_DIRECT_OBJC_ISA_USAGE = YES_ERROR;
				CLANG_WARN_EMPTY_BODY = YES;
				CLANG_WARN_ENUM_CONVERSION = YES;
				CLANG_WARN_INT_CONVERSION = YES;
				CLANG_WARN_OBJC_ROOT_CLASS = YES_ERROR;
				CLANG_WARN_UNREACHABLE_CODE = YES;
				CLANG_WARN__DUPLICATE_METHOD_MATCH = YES;
				"CODE_SIGN_IDENTITY[sdk=iphoneos*]" = "iPhone Developer";
				COPY_PHASE_STRIP = NO;
				DEBUG_INFORMATION_FORMAT = "dwarf-with-dsym";
				ENABLE_NS_ASSERTIONS = NO;
				ENABLE_STRICT_OBJC_MSGSEND = YES;
				GCC_C_LANGUAGE_STANDARD = gnu99;
				GCC_NO_COMMON_BLOCKS = YES;
				GCC_WARN_64_TO_32_BIT_CONVERSION = YES;
				GCC_WARN_ABOUT_RETURN_TYPE = YES_ERROR;
				GCC_WARN_UNDECLARED_SELECTOR = YES;
				GCC_WARN_UNINITIALIZED_AUTOS = YES_AGGRESSIVE;
				GCC_WARN_UNUSED_FUNCTION = YES;
				GCC_WARN_UNUSED_VARIABLE = YES;
				IPHONEOS_DEPLOYMENT_TARGET = 8.4;
				MTL_ENABLE_DEBUG_INFO = NO;
				SDKROOT = iphoneos;
				VALIDATE_PRODUCT = YES;
			};
			name = Release;
		};
		441E51461B54D89C004C3222 /* Debug */ = {
			isa = XCBuildConfiguration;
			buildSettings = {
				ASSETCATALOG_COMPILER_APPICON_NAME = AppIcon;
				INFOPLIST_FILE = Patrol/Info.plist;
				IPHONEOS_DEPLOYMENT_TARGET = 7.0;
				LD_RUNPATH_SEARCH_PATHS = "$(inherited) @executable_path/Frameworks";
				PRODUCT_NAME = "$(TARGET_NAME)";
			};
			name = Debug;
		};
		441E51471B54D89C004C3222 /* Release */ = {
			isa = XCBuildConfiguration;
			buildSettings = {
				ASSETCATALOG_COMPILER_APPICON_NAME = AppIcon;
				INFOPLIST_FILE = Patrol/Info.plist;
				IPHONEOS_DEPLOYMENT_TARGET = 7.0;
				LD_RUNPATH_SEARCH_PATHS = "$(inherited) @executable_path/Frameworks";
				PRODUCT_NAME = "$(TARGET_NAME)";
			};
			name = Release;
		};
		441E51491B54D89C004C3222 /* Debug */ = {
			isa = XCBuildConfiguration;
			buildSettings = {
				BUNDLE_LOADER = "$(TEST_HOST)";
				FRAMEWORK_SEARCH_PATHS = (
					"$(SDKROOT)/Developer/Library/Frameworks",
					"$(inherited)",
				);
				GCC_PREPROCESSOR_DEFINITIONS = (
					"DEBUG=1",
					"$(inherited)",
				);
				INFOPLIST_FILE = PatrolTests/Info.plist;
				LD_RUNPATH_SEARCH_PATHS = "$(inherited) @executable_path/Frameworks @loader_path/Frameworks";
				PRODUCT_NAME = "$(TARGET_NAME)";
				TEST_HOST = "$(BUILT_PRODUCTS_DIR)/Patrol.app/Patrol";
			};
			name = Debug;
		};
		441E514A1B54D89C004C3222 /* Release */ = {
			isa = XCBuildConfiguration;
			buildSettings = {
				BUNDLE_LOADER = "$(TEST_HOST)";
				FRAMEWORK_SEARCH_PATHS = (
					"$(SDKROOT)/Developer/Library/Frameworks",
					"$(inherited)",
				);
				INFOPLIST_FILE = PatrolTests/Info.plist;
				LD_RUNPATH_SEARCH_PATHS = "$(inherited) @executable_path/Frameworks @loader_path/Frameworks";
				PRODUCT_NAME = "$(TARGET_NAME)";
				TEST_HOST = "$(BUILT_PRODUCTS_DIR)/Patrol.app/Patrol";
			};
			name = Release;
		};
/* End XCBuildConfiguration section */

/* Begin XCConfigurationList section */
		441E511A1B54D89B004C3222 /* Build configuration list for PBXProject "Patrol" */ = {
			isa = XCConfigurationList;
			buildConfigurations = (
				441E51431B54D89C004C3222 /* Debug */,
				441E51441B54D89C004C3222 /* Release */,
			);
			defaultConfigurationIsVisible = 0;
			defaultConfigurationName = Release;
		};
		441E51451B54D89C004C3222 /* Build configuration list for PBXNativeTarget "Patrol" */ = {
			isa = XCConfigurationList;
			buildConfigurations = (
				441E51461B54D89C004C3222 /* Debug */,
				441E51471B54D89C004C3222 /* Release */,
			);
			defaultConfigurationIsVisible = 0;
			defaultConfigurationName = Release;
		};
		441E51481B54D89C004C3222 /* Build configuration list for PBXNativeTarget "PatrolTests" */ = {
			isa = XCConfigurationList;
			buildConfigurations = (
				441E51491B54D89C004C3222 /* Debug */,
				441E514A1B54D89C004C3222 /* Release */,
			);
			defaultConfigurationIsVisible = 0;
			defaultConfigurationName = Release;
		};
/* End XCConfigurationList section */

/* Begin XCVersionGroup section */
		441E51291B54D89C004C3222 /* Patrol.xcdatamodeld */ = {
			isa = XCVersionGroup;
			children = (
				441E512A1B54D89C004C3222 /* Patrol.xcdatamodel */,
			);
			currentVersion = 441E512A1B54D89C004C3222 /* Patrol.xcdatamodel */;
			path = Patrol.xcdatamodeld;
			sourceTree = "<group>";
			versionGroupType = wrapper.xcdatamodel;
		};
/* End XCVersionGroup section */
	};
	rootObject = 441E51171B54D89B004C3222 /* Project object */;
}
